
Microsoft Visual Studio Solution File, Format Version 12.00
# Visual Studio Version 17
VisualStudioVersion = 17.14.36408.4
MinimumVisualStudioVersion = 10.0.40219.1
Project("{FAE04EC0-301F-11D3-BF4B-00C04F79EFBC}") = "LiveWell", "LiveWell.csproj", "{7B23AA8D-7E34-4F34-8F42-AC27F9EE13EA}"
EndProject
Global
	GlobalSection(SolutionConfigurationPlatforms) = preSolution
		Debug|Any CPU = Debug|Any CPU
		Release|Any CPU = Release|Any CPU
	EndGlobalSection
	GlobalSection(ProjectConfigurationPlatforms) = postSolution
		{7B23AA8D-7E34-4F34-8F42-AC27F9EE13EA}.Debug|Any CPU.ActiveCfg = Debug|Any CPU
		{7B23AA8D-7E34-4F34-8F42-AC27F9EE13EA}.Debug|Any CPU.Build.0 = Debug|Any CPU
		{7B23AA8D-7E34-4F34-8F42-AC27F9EE13EA}.Debug|Any CPU.Deploy.0 = Debug|Any CPU
		{7B23AA8D-7E34-4F34-8F42-AC27F9EE13EA}.Release|Any CPU.ActiveCfg = Release|Any CPU
		{7B23AA8D-7E34-4F34-8F42-AC27F9EE13EA}.Release|Any CPU.Build.0 = Release|Any CPU
	EndGlobalSection
	GlobalSection(SolutionProperties) = preSolution
		HideSolutionNode = FALSE
	EndGlobalSection
	GlobalSection(ExtensibilityGlobals) = postSolution
		SolutionGuid = {D045B099-4A6D-4FD5-B778-552647F114B1}
	EndGlobalSection
EndGlobal
